// !$*UTF8*$!
{
	archiveVersion = 1;
	classes = {
	};
	objectVersion = 46;
	objects = {

/* Begin PBXBuildFile section */
		E012D0281D011EFD0079717F /* GoogleService-Info.plist in Resources */ = {isa = PBXBuildFile; fileRef = E012D0271D011EFD0079717F /* GoogleService-Info.plist */; };
		E012D02A1D01E5A00079717F /* RegisterOptionsVC.swift in Sources */ = {isa = PBXBuildFile; fileRef = E012D0291D01E5A00079717F /* RegisterOptionsVC.swift */; };
		E012D02D1D01E5E00079717F /* RegisterVC.swift in Sources */ = {isa = PBXBuildFile; fileRef = E012D02C1D01E5E00079717F /* RegisterVC.swift */; };
		E012D0311D021AAB0079717F /* LoginTextField.swift in Sources */ = {isa = PBXBuildFile; fileRef = E012D0301D021AAB0079717F /* LoginTextField.swift */; };
		E01791E51D0A118C00BD7A87 /* TextFieldExtension.swift in Sources */ = {isa = PBXBuildFile; fileRef = E01791E41D0A118C00BD7A87 /* TextFieldExtension.swift */; };
		E01EC5611D0119B4009975D2 /* AppDelegate.swift in Sources */ = {isa = PBXBuildFile; fileRef = E01EC5601D0119B4009975D2 /* AppDelegate.swift */; };
		E01EC5631D0119B4009975D2 /* SignInVC.swift in Sources */ = {isa = PBXBuildFile; fileRef = E01EC5621D0119B4009975D2 /* SignInVC.swift */; };
		E01EC5661D0119B4009975D2 /* Main.storyboard in Resources */ = {isa = PBXBuildFile; fileRef = E01EC5641D0119B4009975D2 /* Main.storyboard */; };
		E01EC5681D0119B4009975D2 /* Assets.xcassets in Resources */ = {isa = PBXBuildFile; fileRef = E01EC5671D0119B4009975D2 /* Assets.xcassets */; };
		E01EC56B1D0119B4009975D2 /* LaunchScreen.storyboard in Resources */ = {isa = PBXBuildFile; fileRef = E01EC5691D0119B4009975D2 /* LaunchScreen.storyboard */; };
		E01EC5771D011A2C009975D2 /* FBSDKCoreKit.framework in Frameworks */ = {isa = PBXBuildFile; fileRef = E01EC5751D011A2C009975D2 /* FBSDKCoreKit.framework */; };
		E01EC5781D011A2C009975D2 /* FBSDKLoginKit.framework in Frameworks */ = {isa = PBXBuildFile; fileRef = E01EC5761D011A2C009975D2 /* FBSDKLoginKit.framework */; };
		E050DF611D09EE140049D60C /* Constants.swift in Sources */ = {isa = PBXBuildFile; fileRef = E050DF601D09EE140049D60C /* Constants.swift */; };
		E050DF631D09F5F60049D60C /* VCExtensions.swift in Sources */ = {isa = PBXBuildFile; fileRef = E050DF621D09F5F60049D60C /* VCExtensions.swift */; };
		E05A9F5C1D023F4A004744CC /* LoginButton.swift in Sources */ = {isa = PBXBuildFile; fileRef = E05A9F5B1D023F4A004744CC /* LoginButton.swift */; };
		E05A9F601D024408004744CC /* RaisedButtonLogin.swift in Sources */ = {isa = PBXBuildFile; fileRef = E05A9F5F1D024408004744CC /* RaisedButtonLogin.swift */; };
		E0D5F2E31D0F01F800EEE0C2 /* MainVC.swift in Sources */ = {isa = PBXBuildFile; fileRef = E0D5F2E21D0F01F800EEE0C2 /* MainVC.swift */; };
		E0D5F2E61D0F02D100EEE0C2 /* FeedVC.swift in Sources */ = {isa = PBXBuildFile; fileRef = E0D5F2E41D0F02D100EEE0C2 /* FeedVC.swift */; };
		E0D5F2E71D0F02D100EEE0C2 /* FeedVC.xib in Resources */ = {isa = PBXBuildFile; fileRef = E0D5F2E51D0F02D100EEE0C2 /* FeedVC.xib */; };
		E0D5F2EA1D0F02F100EEE0C2 /* CameraVC.swift in Sources */ = {isa = PBXBuildFile; fileRef = E0D5F2E81D0F02F100EEE0C2 /* CameraVC.swift */; };
		E0D5F2EB1D0F02F100EEE0C2 /* CameraVC.xib in Resources */ = {isa = PBXBuildFile; fileRef = E0D5F2E91D0F02F100EEE0C2 /* CameraVC.xib */; };
		E0D5F2EE1D0F030300EEE0C2 /* DiscoverVC.swift in Sources */ = {isa = PBXBuildFile; fileRef = E0D5F2EC1D0F030300EEE0C2 /* DiscoverVC.swift */; };
		E0D5F2EF1D0F030300EEE0C2 /* DiscoverVC.xib in Resources */ = {isa = PBXBuildFile; fileRef = E0D5F2ED1D0F030300EEE0C2 /* DiscoverVC.xib */; };
		E0F42BD11D0B3B9B0056461A /* LoginView.swift in Sources */ = {isa = PBXBuildFile; fileRef = E0F42BD01D0B3B9B0056461A /* LoginView.swift */; };
		E0F42BD51D0B517E0056461A /* FooterLoginView.swift in Sources */ = {isa = PBXBuildFile; fileRef = E0F42BD41D0B517E0056461A /* FooterLoginView.swift */; };
		EF73F9557CBBDE85B6DAFA8F /* Pods_currentslate.framework in Frameworks */ = {isa = PBXBuildFile; fileRef = 82F85BD418BD4B46EE3F1C23 /* Pods_currentslate.framework */; };
/* End PBXBuildFile section */

/* Begin PBXFileReference section */
		519A729852CAE62E819EC7EC /* Pods-currentslate.release.xcconfig */ = {isa = PBXFileReference; includeInIndex = 1; lastKnownFileType = text.xcconfig; name = "Pods-currentslate.release.xcconfig"; path = "Pods/Target Support Files/Pods-currentslate/Pods-currentslate.release.xcconfig"; sourceTree = "<group>"; };
		82F85BD418BD4B46EE3F1C23 /* Pods_currentslate.framework */ = {isa = PBXFileReference; explicitFileType = wrapper.framework; includeInIndex = 0; path = Pods_currentslate.framework; sourceTree = BUILT_PRODUCTS_DIR; };
		9D6ADFED57C9CEE7E5B71FF7 /* Pods-currentslate.debug.xcconfig */ = {isa = PBXFileReference; includeInIndex = 1; lastKnownFileType = text.xcconfig; name = "Pods-currentslate.debug.xcconfig"; path = "Pods/Target Support Files/Pods-currentslate/Pods-currentslate.debug.xcconfig"; sourceTree = "<group>"; };
		E012D0271D011EFD0079717F /* GoogleService-Info.plist */ = {isa = PBXFileReference; fileEncoding = 4; lastKnownFileType = text.plist.xml; path = "GoogleService-Info.plist"; sourceTree = "<group>"; };
		E012D0291D01E5A00079717F /* RegisterOptionsVC.swift */ = {isa = PBXFileReference; fileEncoding = 4; lastKnownFileType = sourcecode.swift; path = RegisterOptionsVC.swift; sourceTree = "<group>"; };
		E012D02C1D01E5E00079717F /* RegisterVC.swift */ = {isa = PBXFileReference; fileEncoding = 4; lastKnownFileType = sourcecode.swift; path = RegisterVC.swift; sourceTree = "<group>"; };
		E012D0301D021AAB0079717F /* LoginTextField.swift */ = {isa = PBXFileReference; fileEncoding = 4; lastKnownFileType = sourcecode.swift; path = LoginTextField.swift; sourceTree = "<group>"; };
		E01791E41D0A118C00BD7A87 /* TextFieldExtension.swift */ = {isa = PBXFileReference; fileEncoding = 4; lastKnownFileType = sourcecode.swift; path = TextFieldExtension.swift; sourceTree = "<group>"; };
		E01EC55D1D0119B4009975D2 /* currentslate.app */ = {isa = PBXFileReference; explicitFileType = wrapper.application; includeInIndex = 0; path = currentslate.app; sourceTree = BUILT_PRODUCTS_DIR; };
		E01EC5601D0119B4009975D2 /* AppDelegate.swift */ = {isa = PBXFileReference; lastKnownFileType = sourcecode.swift; path = AppDelegate.swift; sourceTree = "<group>"; };
		E01EC5621D0119B4009975D2 /* SignInVC.swift */ = {isa = PBXFileReference; lastKnownFileType = sourcecode.swift; path = SignInVC.swift; sourceTree = "<group>"; };
		E01EC5651D0119B4009975D2 /* Base */ = {isa = PBXFileReference; lastKnownFileType = file.storyboard; name = Base; path = Base.lproj/Main.storyboard; sourceTree = "<group>"; };
		E01EC5671D0119B4009975D2 /* Assets.xcassets */ = {isa = PBXFileReference; lastKnownFileType = folder.assetcatalog; path = Assets.xcassets; sourceTree = "<group>"; };
		E01EC56A1D0119B4009975D2 /* Base */ = {isa = PBXFileReference; lastKnownFileType = file.storyboard; name = Base; path = Base.lproj/LaunchScreen.storyboard; sourceTree = "<group>"; };
		E01EC56C1D0119B4009975D2 /* Info.plist */ = {isa = PBXFileReference; lastKnownFileType = text.plist.xml; path = Info.plist; sourceTree = "<group>"; };
		E01EC5751D011A2C009975D2 /* FBSDKCoreKit.framework */ = {isa = PBXFileReference; lastKnownFileType = wrapper.framework; path = FBSDKCoreKit.framework; sourceTree = "<group>"; };
		E01EC5761D011A2C009975D2 /* FBSDKLoginKit.framework */ = {isa = PBXFileReference; lastKnownFileType = wrapper.framework; path = FBSDKLoginKit.framework; sourceTree = "<group>"; };
		E050DF601D09EE140049D60C /* Constants.swift */ = {isa = PBXFileReference; fileEncoding = 4; lastKnownFileType = sourcecode.swift; path = Constants.swift; sourceTree = "<group>"; };
		E050DF621D09F5F60049D60C /* VCExtensions.swift */ = {isa = PBXFileReference; fileEncoding = 4; lastKnownFileType = sourcecode.swift; path = VCExtensions.swift; sourceTree = "<group>"; };
		E05A9F5B1D023F4A004744CC /* LoginButton.swift */ = {isa = PBXFileReference; fileEncoding = 4; lastKnownFileType = sourcecode.swift; path = LoginButton.swift; sourceTree = "<group>"; };
		E05A9F5F1D024408004744CC /* RaisedButtonLogin.swift */ = {isa = PBXFileReference; fileEncoding = 4; lastKnownFileType = sourcecode.swift; path = RaisedButtonLogin.swift; sourceTree = "<group>"; };
		E0D5F2E21D0F01F800EEE0C2 /* MainVC.swift */ = {isa = PBXFileReference; fileEncoding = 4; lastKnownFileType = sourcecode.swift; path = MainVC.swift; sourceTree = "<group>"; };
		E0D5F2E41D0F02D100EEE0C2 /* FeedVC.swift */ = {isa = PBXFileReference; fileEncoding = 4; lastKnownFileType = sourcecode.swift; path = FeedVC.swift; sourceTree = "<group>"; };
		E0D5F2E51D0F02D100EEE0C2 /* FeedVC.xib */ = {isa = PBXFileReference; fileEncoding = 4; lastKnownFileType = file.xib; path = FeedVC.xib; sourceTree = "<group>"; };
		E0D5F2E81D0F02F100EEE0C2 /* CameraVC.swift */ = {isa = PBXFileReference; fileEncoding = 4; lastKnownFileType = sourcecode.swift; path = CameraVC.swift; sourceTree = "<group>"; };
		E0D5F2E91D0F02F100EEE0C2 /* CameraVC.xib */ = {isa = PBXFileReference; fileEncoding = 4; lastKnownFileType = file.xib; path = CameraVC.xib; sourceTree = "<group>"; };
		E0D5F2EC1D0F030300EEE0C2 /* DiscoverVC.swift */ = {isa = PBXFileReference; fileEncoding = 4; lastKnownFileType = sourcecode.swift; path = DiscoverVC.swift; sourceTree = "<group>"; };
		E0D5F2ED1D0F030300EEE0C2 /* DiscoverVC.xib */ = {isa = PBXFileReference; fileEncoding = 4; lastKnownFileType = file.xib; path = DiscoverVC.xib; sourceTree = "<group>"; };
		E0F42BD01D0B3B9B0056461A /* LoginView.swift */ = {isa = PBXFileReference; fileEncoding = 4; lastKnownFileType = sourcecode.swift; path = LoginView.swift; sourceTree = "<group>"; };
		E0F42BD41D0B517E0056461A /* FooterLoginView.swift */ = {isa = PBXFileReference; fileEncoding = 4; lastKnownFileType = sourcecode.swift; path = FooterLoginView.swift; sourceTree = "<group>"; };
/* End PBXFileReference section */

/* Begin PBXFrameworksBuildPhase section */
		E01EC55A1D0119B4009975D2 /* Frameworks */ = {
			isa = PBXFrameworksBuildPhase;
			buildActionMask = 2147483647;
			files = (
				E01EC5781D011A2C009975D2 /* FBSDKLoginKit.framework in Frameworks */,
				E01EC5771D011A2C009975D2 /* FBSDKCoreKit.framework in Frameworks */,
				EF73F9557CBBDE85B6DAFA8F /* Pods_currentslate.framework in Frameworks */,
			);
			runOnlyForDeploymentPostprocessing = 0;
		};
/* End PBXFrameworksBuildPhase section */

/* Begin PBXGroup section */
		1D32CA5589B4D1886FCD5A36 /* Frameworks */ = {
			isa = PBXGroup;
			children = (
				82F85BD418BD4B46EE3F1C23 /* Pods_currentslate.framework */,
			);
			name = Frameworks;
			sourceTree = "<group>";
		};
		2254A2574D5B32DCB06F3378 /* Pods */ = {
			isa = PBXGroup;
			children = (
				9D6ADFED57C9CEE7E5B71FF7 /* Pods-currentslate.debug.xcconfig */,
				519A729852CAE62E819EC7EC /* Pods-currentslate.release.xcconfig */,
			);
			name = Pods;
			sourceTree = "<group>";
		};
		E01EC5541D0119B4009975D2 = {
			isa = PBXGroup;
			children = (
				E01EC55F1D0119B4009975D2 /* currentslate */,
				E01EC55E1D0119B4009975D2 /* Products */,
				2254A2574D5B32DCB06F3378 /* Pods */,
				1D32CA5589B4D1886FCD5A36 /* Frameworks */,
			);
			sourceTree = "<group>";
		};
		E01EC55E1D0119B4009975D2 /* Products */ = {
			isa = PBXGroup;
			children = (
				E01EC55D1D0119B4009975D2 /* currentslate.app */,
			);
			name = Products;
			sourceTree = "<group>";
		};
		E01EC55F1D0119B4009975D2 /* currentslate */ = {
			isa = PBXGroup;
			children = (
				E050DF5F1D09EE050049D60C /* Util */,
				E01EC5791D011A32009975D2 /* Frameworks */,
				E01EC5721D0119BE009975D2 /* Model */,
				E01EC5731D0119CD009975D2 /* View */,
				E01EC5741D0119D2009975D2 /* Controller */,
				E01EC5641D0119B4009975D2 /* Main.storyboard */,
				E01EC5691D0119B4009975D2 /* LaunchScreen.storyboard */,
				E01EC5671D0119B4009975D2 /* Assets.xcassets */,
				E01EC57C1D011A52009975D2 /* Resources */,
			);
			path = currentslate;
			sourceTree = "<group>";
		};
		E01EC5721D0119BE009975D2 /* Model */ = {
			isa = PBXGroup;
			children = (
			);
			name = Model;
			sourceTree = "<group>";
		};
		E01EC5731D0119CD009975D2 /* View */ = {
			isa = PBXGroup;
			children = (
				E012D0301D021AAB0079717F /* LoginTextField.swift */,
				E05A9F5B1D023F4A004744CC /* LoginButton.swift */,
				E05A9F5F1D024408004744CC /* RaisedButtonLogin.swift */,
				E0F42BD01D0B3B9B0056461A /* LoginView.swift */,
				E0F42BD41D0B517E0056461A /* FooterLoginView.swift */,
			);
			name = View;
			sourceTree = "<group>";
		};
		E01EC5741D0119D2009975D2 /* Controller */ = {
			isa = PBXGroup;
			children = (
				E01EC5601D0119B4009975D2 /* AppDelegate.swift */,
				E01EC5621D0119B4009975D2 /* SignInVC.swift */,
				E012D0291D01E5A00079717F /* RegisterOptionsVC.swift */,
				E012D02C1D01E5E00079717F /* RegisterVC.swift */,
				E0D5F2E21D0F01F800EEE0C2 /* MainVC.swift */,
				E0D5F2E41D0F02D100EEE0C2 /* FeedVC.swift */,
				E0D5F2E51D0F02D100EEE0C2 /* FeedVC.xib */,
				E0D5F2E81D0F02F100EEE0C2 /* CameraVC.swift */,
				E0D5F2E91D0F02F100EEE0C2 /* CameraVC.xib */,
				E0D5F2EC1D0F030300EEE0C2 /* DiscoverVC.swift */,
				E0D5F2ED1D0F030300EEE0C2 /* DiscoverVC.xib */,
			);
			name = Controller;
			sourceTree = "<group>";
		};
		E01EC5791D011A32009975D2 /* Frameworks */ = {
			isa = PBXGroup;
			children = (
				E01EC5751D011A2C009975D2 /* FBSDKCoreKit.framework */,
				E01EC5761D011A2C009975D2 /* FBSDKLoginKit.framework */,
			);
			name = Frameworks;
			sourceTree = "<group>";
		};
		E01EC57C1D011A52009975D2 /* Resources */ = {
			isa = PBXGroup;
			children = (
				E012D0271D011EFD0079717F /* GoogleService-Info.plist */,
				E01EC56C1D0119B4009975D2 /* Info.plist */,
			);
			name = Resources;
			sourceTree = "<group>";
		};
		E050DF5F1D09EE050049D60C /* Util */ = {
			isa = PBXGroup;
			children = (
				E050DF601D09EE140049D60C /* Constants.swift */,
				E050DF621D09F5F60049D60C /* VCExtensions.swift */,
				E01791E41D0A118C00BD7A87 /* TextFieldExtension.swift */,
			);
			name = Util;
			sourceTree = "<group>";
		};
/* End PBXGroup section */

/* Begin PBXNativeTarget section */
		E01EC55C1D0119B4009975D2 /* currentslate */ = {
			isa = PBXNativeTarget;
			buildConfigurationList = E01EC56F1D0119B4009975D2 /* Build configuration list for PBXNativeTarget "currentslate" */;
			buildPhases = (
				29953498543F210EF80E3D47 /* 📦 Check Pods Manifest.lock */,
				E01EC5591D0119B4009975D2 /* Sources */,
				E01EC55A1D0119B4009975D2 /* Frameworks */,
				E01EC55B1D0119B4009975D2 /* Resources */,
				1757F07BA02AFF0A8E49E4B0 /* 📦 Embed Pods Frameworks */,
				69A2E6926E882D02227E0AFE /* 📦 Copy Pods Resources */,
			);
			buildRules = (
			);
			dependencies = (
			);
			name = currentslate;
			productName = currentslate;
			productReference = E01EC55D1D0119B4009975D2 /* currentslate.app */;
			productType = "com.apple.product-type.application";
		};
/* End PBXNativeTarget section */

/* Begin PBXProject section */
		E01EC5551D0119B4009975D2 /* Project object */ = {
			isa = PBXProject;
			attributes = {
				LastSwiftUpdateCheck = 0730;
				LastUpgradeCheck = 0730;
				ORGANIZATIONNAME = "Dara Nhep";
				TargetAttributes = {
					E01EC55C1D0119B4009975D2 = {
						CreatedOnToolsVersion = 7.3.1;
						DevelopmentTeam = 825KNZSNMQ;
					};
				};
			};
			buildConfigurationList = E01EC5581D0119B4009975D2 /* Build configuration list for PBXProject "currentslate" */;
			compatibilityVersion = "Xcode 3.2";
			developmentRegion = English;
			hasScannedForEncodings = 0;
			knownRegions = (
				en,
				Base,
			);
			mainGroup = E01EC5541D0119B4009975D2;
			productRefGroup = E01EC55E1D0119B4009975D2 /* Products */;
			projectDirPath = "";
			projectRoot = "";
			targets = (
				E01EC55C1D0119B4009975D2 /* currentslate */,
			);
		};
/* End PBXProject section */

/* Begin PBXResourcesBuildPhase section */
		E01EC55B1D0119B4009975D2 /* Resources */ = {
			isa = PBXResourcesBuildPhase;
			buildActionMask = 2147483647;
			files = (
				E01EC56B1D0119B4009975D2 /* LaunchScreen.storyboard in Resources */,
				E0D5F2EB1D0F02F100EEE0C2 /* CameraVC.xib in Resources */,
				E0D5F2E71D0F02D100EEE0C2 /* FeedVC.xib in Resources */,
				E012D0281D011EFD0079717F /* GoogleService-Info.plist in Resources */,
				E01EC5681D0119B4009975D2 /* Assets.xcassets in Resources */,
				E01EC5661D0119B4009975D2 /* Main.storyboard in Resources */,
				E0D5F2EF1D0F030300EEE0C2 /* DiscoverVC.xib in Resources */,
			);
			runOnlyForDeploymentPostprocessing = 0;
		};
/* End PBXResourcesBuildPhase section */

/* Begin PBXShellScriptBuildPhase section */
		1757F07BA02AFF0A8E49E4B0 /* 📦 Embed Pods Frameworks */ = {
			isa = PBXShellScriptBuildPhase;
			buildActionMask = 2147483647;
			files = (
			);
			inputPaths = (
			);
			name = "📦 Embed Pods Frameworks";
			outputPaths = (
			);
			runOnlyForDeploymentPostprocessing = 0;
			shellPath = /bin/sh;
			shellScript = "\"${SRCROOT}/Pods/Target Support Files/Pods-currentslate/Pods-currentslate-frameworks.sh\"\n";
			showEnvVarsInLog = 0;
		};
		29953498543F210EF80E3D47 /* 📦 Check Pods Manifest.lock */ = {
			isa = PBXShellScriptBuildPhase;
			buildActionMask = 2147483647;
			files = (
			);
			inputPaths = (
			);
			name = "📦 Check Pods Manifest.lock";
			outputPaths = (
			);
			runOnlyForDeploymentPostprocessing = 0;
			shellPath = /bin/sh;
			shellScript = "diff \"${PODS_ROOT}/../Podfile.lock\" \"${PODS_ROOT}/Manifest.lock\" > /dev/null\nif [[ $? != 0 ]] ; then\n    cat << EOM\nerror: The sandbox is not in sync with the Podfile.lock. Run 'pod install' or update your CocoaPods installation.\nEOM\n    exit 1\nfi\n";
			showEnvVarsInLog = 0;
		};
		69A2E6926E882D02227E0AFE /* 📦 Copy Pods Resources */ = {
			isa = PBXShellScriptBuildPhase;
			buildActionMask = 2147483647;
			files = (
			);
			inputPaths = (
			);
			name = "📦 Copy Pods Resources";
			outputPaths = (
			);
			runOnlyForDeploymentPostprocessing = 0;
			shellPath = /bin/sh;
			shellScript = "\"${SRCROOT}/Pods/Target Support Files/Pods-currentslate/Pods-currentslate-resources.sh\"\n";
			showEnvVarsInLog = 0;
		};
/* End PBXShellScriptBuildPhase section */

/* Begin PBXSourcesBuildPhase section */
		E01EC5591D0119B4009975D2 /* Sources */ = {
			isa = PBXSourcesBuildPhase;
			buildActionMask = 2147483647;
			files = (
				E012D02A1D01E5A00079717F /* RegisterOptionsVC.swift in Sources */,
				E05A9F601D024408004744CC /* RaisedButtonLogin.swift in Sources */,
				E050DF631D09F5F60049D60C /* VCExtensions.swift in Sources */,
				E0D5F2EE1D0F030300EEE0C2 /* DiscoverVC.swift in Sources */,
				E01791E51D0A118C00BD7A87 /* TextFieldExtension.swift in Sources */,
				E05A9F5C1D023F4A004744CC /* LoginButton.swift in Sources */,
				E012D02D1D01E5E00079717F /* RegisterVC.swift in Sources */,
				E012D0311D021AAB0079717F /* LoginTextField.swift in Sources */,
				E0D5F2EA1D0F02F100EEE0C2 /* CameraVC.swift in Sources */,
				E0F42BD51D0B517E0056461A /* FooterLoginView.swift in Sources */,
				E0D5F2E61D0F02D100EEE0C2 /* FeedVC.swift in Sources */,
				E01EC5631D0119B4009975D2 /* SignInVC.swift in Sources */,
				E0F42BD11D0B3B9B0056461A /* LoginView.swift in Sources */,
				E01EC5611D0119B4009975D2 /* AppDelegate.swift in Sources */,
				E050DF611D09EE140049D60C /* Constants.swift in Sources */,
				E0D5F2E31D0F01F800EEE0C2 /* MainVC.swift in Sources */,
			);
			runOnlyForDeploymentPostprocessing = 0;
		};
/* End PBXSourcesBuildPhase section */

/* Begin PBXVariantGroup section */
		E01EC5641D0119B4009975D2 /* Main.storyboard */ = {
			isa = PBXVariantGroup;
			children = (
				E01EC5651D0119B4009975D2 /* Base */,
			);
			name = Main.storyboard;
			sourceTree = "<group>";
		};
		E01EC5691D0119B4009975D2 /* LaunchScreen.storyboard */ = {
			isa = PBXVariantGroup;
			children = (
				E01EC56A1D0119B4009975D2 /* Base */,
			);
			name = LaunchScreen.storyboard;
			sourceTree = "<group>";
		};
/* End PBXVariantGroup section */

/* Begin XCBuildConfiguration section */
		E01EC56D1D0119B4009975D2 /* Debug */ = {
			isa = XCBuildConfiguration;
			buildSettings = {
				ALWAYS_SEARCH_USER_PATHS = NO;
				CLANG_ANALYZER_NONNULL = YES;
				CLANG_CXX_LANGUAGE_STANDARD = "gnu++0x";
				CLANG_CXX_LIBRARY = "libc++";
				CLANG_ENABLE_MODULES = YES;
				CLANG_ENABLE_OBJC_ARC = YES;
				CLANG_WARN_BOOL_CONVERSION = YES;
				CLANG_WARN_CONSTANT_CONVERSION = YES;
				CLANG_WARN_DIRECT_OBJC_ISA_USAGE = YES_ERROR;
				CLANG_WARN_EMPTY_BODY = YES;
				CLANG_WARN_ENUM_CONVERSION = YES;
				CLANG_WARN_INT_CONVERSION = YES;
				CLANG_WARN_OBJC_ROOT_CLASS = YES_ERROR;
				CLANG_WARN_UNREACHABLE_CODE = YES;
				CLANG_WARN__DUPLICATE_METHOD_MATCH = YES;
				"CODE_SIGN_IDENTITY[sdk=iphoneos*]" = "iPhone Developer";
				COPY_PHASE_STRIP = NO;
				DEBUG_INFORMATION_FORMAT = dwarf;
				ENABLE_STRICT_OBJC_MSGSEND = YES;
				ENABLE_TESTABILITY = YES;
				GCC_C_LANGUAGE_STANDARD = gnu99;
				GCC_DYNAMIC_NO_PIC = NO;
				GCC_NO_COMMON_BLOCKS = YES;
				GCC_OPTIMIZATION_LEVEL = 0;
				GCC_PREPROCESSOR_DEFINITIONS = (
					"DEBUG=1",
					"$(inherited)",
				);
				GCC_WARN_64_TO_32_BIT_CONVERSION = YES;
				GCC_WARN_ABOUT_RETURN_TYPE = YES_ERROR;
				GCC_WARN_UNDECLARED_SELECTOR = YES;
				GCC_WARN_UNINITIALIZED_AUTOS = YES_AGGRESSIVE;
				GCC_WARN_UNUSED_FUNCTION = YES;
				GCC_WARN_UNUSED_VARIABLE = YES;
				IPHONEOS_DEPLOYMENT_TARGET = 9.3;
				MTL_ENABLE_DEBUG_INFO = YES;
				ONLY_ACTIVE_ARCH = YES;
				SDKROOT = iphoneos;
				SWIFT_OPTIMIZATION_LEVEL = "-Onone";
				TARGETED_DEVICE_FAMILY = "1,2";
			};
			name = Debug;
		};
		E01EC56E1D0119B4009975D2 /* Release */ = {
			isa = XCBuildConfiguration;
			buildSettings = {
				ALWAYS_SEARCH_USER_PATHS = NO;
				CLANG_ANALYZER_NONNULL = YES;
				CLANG_CXX_LANGUAGE_STANDARD = "gnu++0x";
				CLANG_CXX_LIBRARY = "libc++";
				CLANG_ENABLE_MODULES = YES;
				CLANG_ENABLE_OBJC_ARC = YES;
				CLANG_WARN_BOOL_CONVERSION = YES;
				CLANG_WARN_CONSTANT_CONVERSION = YES;
				CLANG_WARN_DIRECT_OBJC_ISA_USAGE = YES_ERROR;
				CLANG_WARN_EMPTY_BODY = YES;
				CLANG_WARN_ENUM_CONVERSION = YES;
				CLANG_WARN_INT_CONVERSION = YES;
				CLANG_WARN_OBJC_ROOT_CLASS = YES_ERROR;
				CLANG_WARN_UNREACHABLE_CODE = YES;
				CLANG_WARN__DUPLICATE_METHOD_MATCH = YES;
				"CODE_SIGN_IDENTITY[sdk=iphoneos*]" = "iPhone Developer";
				COPY_PHASE_STRIP = NO;
				DEBUG_INFORMATION_FORMAT = "dwarf-with-dsym";
				ENABLE_NS_ASSERTIONS = NO;
				ENABLE_STRICT_OBJC_MSGSEND = YES;
				GCC_C_LANGUAGE_STANDARD = gnu99;
				GCC_NO_COMMON_BLOCKS = YES;
				GCC_WARN_64_TO_32_BIT_CONVERSION = YES;
				GCC_WARN_ABOUT_RETURN_TYPE = YES_ERROR;
				GCC_WARN_UNDECLARED_SELECTOR = YES;
				GCC_WARN_UNINITIALIZED_AUTOS = YES_AGGRESSIVE;
				GCC_WARN_UNUSED_FUNCTION = YES;
				GCC_WARN_UNUSED_VARIABLE = YES;
				IPHONEOS_DEPLOYMENT_TARGET = 9.3;
				MTL_ENABLE_DEBUG_INFO = NO;
				SDKROOT = iphoneos;
				TARGETED_DEVICE_FAMILY = "1,2";
				VALIDATE_PRODUCT = YES;
			};
			name = Release;
		};
		E01EC5701D0119B4009975D2 /* Debug */ = {
			isa = XCBuildConfiguration;
			baseConfigurationReference = 9D6ADFED57C9CEE7E5B71FF7 /* Pods-currentslate.debug.xcconfig */;
			buildSettings = {
				ASSETCATALOG_COMPILER_APPICON_NAME = AppIcon;
				CODE_SIGN_IDENTITY = "iPhone Developer";
				"CODE_SIGN_IDENTITY[sdk=iphoneos*]" = "iPhone Developer";
				FRAMEWORK_SEARCH_PATHS = (
					"$(inherited)",
					"$(PROJECT_DIR)/currentslate",
				);
				INFOPLIST_FILE = currentslate/Info.plist;
				LD_RUNPATH_SEARCH_PATHS = "$(inherited) @executable_path/Frameworks";
				PRODUCT_BUNDLE_IDENTIFIER = nhepworks.currentslate;
				PRODUCT_NAME = "$(TARGET_NAME)";
				PROVISIONING_PROFILE = "";
			};
			name = Debug;
		};
		E01EC5711D0119B4009975D2 /* Release */ = {
			isa = XCBuildConfiguration;
			baseConfigurationReference = 519A729852CAE62E819EC7EC /* Pods-currentslate.release.xcconfig */;
			buildSettings = {
				ASSETCATALOG_COMPILER_APPICON_NAME = AppIcon;
				CODE_SIGN_IDENTITY = "iPhone Developer";
				"CODE_SIGN_IDENTITY[sdk=iphoneos*]" = "iPhone Developer";
				FRAMEWORK_SEARCH_PATHS = (
					"$(inherited)",
					"$(PROJECT_DIR)/currentslate",
				);
				INFOPLIST_FILE = currentslate/Info.plist;
				LD_RUNPATH_SEARCH_PATHS = "$(inherited) @executable_path/Frameworks";
				PRODUCT_BUNDLE_IDENTIFIER = nhepworks.currentslate;
				PRODUCT_NAME = "$(TARGET_NAME)";
				PROVISIONING_PROFILE = "";
			};
			name = Release;
		};
/* End XCBuildConfiguration section */

/* Begin XCConfigurationList section */
		E01EC5581D0119B4009975D2 /* Build configuration list for PBXProject "currentslate" */ = {
			isa = XCConfigurationList;
			buildConfigurations = (
				E01EC56D1D0119B4009975D2 /* Debug */,
				E01EC56E1D0119B4009975D2 /* Release */,
			);
			defaultConfigurationIsVisible = 0;
			defaultConfigurationName = Release;
		};
		E01EC56F1D0119B4009975D2 /* Build configuration list for PBXNativeTarget "currentslate" */ = {
			isa = XCConfigurationList;
			buildConfigurations = (
				E01EC5701D0119B4009975D2 /* Debug */,
				E01EC5711D0119B4009975D2 /* Release */,
			);
			defaultConfigurationIsVisible = 0;
			defaultConfigurationName = Release;
		};
/* End XCConfigurationList section */
	};
	rootObject = E01EC5551D0119B4009975D2 /* Project object */;
}
